
Microsoft Visual Studio Solution File, Format Version 12.00
# Visual Studio Version 17
VisualStudioVersion = 17.4.33122.133
MinimumVisualStudioVersion = 10.0.40219.1
Project("{9A19103F-16F7-4668-BE54-9A1E7A4F7556}") = "Projekt zaliczeniowy Bruno Herdecki 13926", "Projekt zaliczeniowy Bruno Herdecki 13926\Projekt zaliczeniowy Bruno Herdecki 13926.csproj", "{2E21F6F7-8DBB-448A-A69F-925C6CCDD895}"
EndProject
Global
	GlobalSection(SolutionConfigurationPlatforms) = preSolution
		Debug|Any CPU = Debug|Any CPU
		Release|Any CPU = Release|Any CPU
	EndGlobalSection
	GlobalSection(ProjectConfigurationPlatforms) = postSolution
		{2E21F6F7-8DBB-448A-A69F-925C6CCDD895}.Debug|Any CPU.ActiveCfg = Debug|Any CPU
		{2E21F6F7-8DBB-448A-A69F-925C6CCDD895}.Debug|Any CPU.Build.0 = Debug|Any CPU
		{2E21F6F7-8DBB-448A-A69F-925C6CCDD895}.Release|Any CPU.ActiveCfg = Release|Any CPU
		{2E21F6F7-8DBB-448A-A69F-925C6CCDD895}.Release|Any CPU.Build.0 = Release|Any CPU
	EndGlobalSection
	GlobalSection(SolutionProperties) = preSolution
		HideSolutionNode = FALSE
	EndGlobalSection
	GlobalSection(ExtensibilityGlobals) = postSolution
		SolutionGuid = {687CBC11-541E-4FF4-9D35-42C8003C220E}
	EndGlobalSection
EndGlobal
